uuid: d6a2e61c-27e0-4dd8-8335-ce15a3edffe7
langcode: en
status: true
dependencies:
  module:
    - context
    - twitter_block
  theme:
    - rsd_sites_barrio
id: twitterblock
theme: rsd_sites_barrio
region: sidebar_first
weight: -10
provider: null
plugin: twitter_block
settings:
  id: twitter_block
  label: 'Twitter block'
  label_display: visible
  provider: twitter_block
  username: RichmondSD38
  theme: ''
  link_color: ''
  width: ''
  height: ''
  chrome:
    noheader: '0'
    nofooter: '0'
    noborders: '0'
    noscrollbar: '0'
    transparent: '0'
  border_color: ''
  language: ''
  tweet_limit: '3'
  related: ''
  polite: polite
visibility:
  request_path_exclusion:
    id: request_path_exclusion
    negate: true
    context_mapping: {  }
    pages: ''
  view_inclusion:
    id: view_inclusion
    negate: false
    context_mapping: {  }
    view_inclusion: {  }
  context_all:
    id: context_all
    negate: null
    context_mapping: {  }
    values: ''
  context:
    id: context
    negate: null
    context_mapping: {  }
    values: ''
  user_status:
    id: user_status
    negate: false
    context_mapping:
      user: '@user.current_user_context:current_user'
    user_status:
      viewing_profile: '0'
      logged_viewing_profile: '0'
      own_page_true: '0'
      field_value: '0'
    user_fields: uid
