uuid: ed0a3256-762e-42dd-b30c-4f9f1b67ef3c
langcode: en
status: true
dependencies:
  content:
    - 'block_content:basic_block:b11a7d60-a99a-4281-adc8-8c648cb045e3'
  module:
    - block_content
    - context
  theme:
    - rsd_sites_barrio
id: test2block
theme: rsd_sites_barrio
region: footer_fifth
weight: 0
provider: null
plugin: 'block_content:b11a7d60-a99a-4281-adc8-8c648cb045e3'
settings:
  id: 'block_content:b11a7d60-a99a-4281-adc8-8c648cb045e3'
  label: 'Test 2 Block'
  label_display: '0'
  provider: block_content
  status: true
  info: ''
  view_mode: full
visibility:
  context:
    id: context
    negate: null
    values: ''
  context_all:
    id: context_all
    negate: null
    values: ''
  user_status:
    id: user_status
    negate: false
    context_mapping:
      user: '@user.current_user_context:current_user'
    user_status:
      viewing_profile: '0'
      logged_viewing_profile: '0'
      own_page_true: '0'
      field_value: '0'
    user_fields: uid
