uuid: 82229bdd-5264-49fe-b186-10d2f738fea9
langcode: en
status: true
dependencies:
  theme:
    - rsd_sites_barrio
id: addressblock
theme: rsd_sites_barrio
region: footer_fourth
weight: -12
provider: null
plugin: 'block_content:e7910635-166a-459a-8822-37e985338268'
settings:
  id: 'block_content:e7910635-166a-459a-8822-37e985338268'
  label: 'Elementary School'
  label_display: visible
  provider: block_content
  status: true
  info: ''
  view_mode: full
visibility: {  }
