id: section_menu_block
label: 'Section Menu Block'
ui_limit: ''
properties:
  block: 'menu_block:main'
  use_block_title: false
  add_block_wrappers: false
  config:
    id: 'menu_block:main'
    label: ''
    provider: menu_block
    label_display: visible
    follow: true
    follow_parent: child
    level: 1
    depth: 1
    expand_all_items: false
    parent: 'main:'
    suggestion: section_menu
    label_type: parent
    label_link: true
type: block
type_label: 'Block field'
entities:
  node: node
