langcode: en
id: sub_pages_menu_block
label: 'Sub Pages Menu Block'
ui_limit: ''
type: block
type_label: 'Block field'
entities:
  node: node
properties:
  block: 'menu_block:main'
  use_block_title: true
  add_block_wrappers: false
  config:
    id: 'menu_block:main'
    label: ''
    label_display: visible
    provider: menu_block
    follow: true
    follow_parent: child
    label_link: false
    label_type: block
    level: 1
    depth: 2
    expand_all_items: false
    parent: 'main:'
    suggestion: sidebar_menu
