uuid: bb9b3061-420b-40bf-90f9-0a0d4093da84
langcode: en
status: true
dependencies:
  config:
    - field.storage.node.field_display_site_name
    - field.storage.node.field_display_tagline
    - field.storage.node.field_header_image
    - field.storage.node.field_header_text_colour
    - field.storage.node.field_sd38_site_logo
    - field.storage.node.field_sd38_site_logo_size
    - field.storage.node.field_sd38_site_name
    - field.storage.node.field_sd38_site_tagline
    - image.style.header_image
    - image.style.large
    - node.type.header_image
  module:
    - bg_image_formatter
    - field_token_value
    - image
    - node
    - options
    - user
    - views_base_url
    - views_conditional
id: site_header_content_block
label: 'Site Header Content Block'
module: views
description: ''
tag: ''
base_table: node_field_data
base_field: nid
display:
  default:
    id: default
    display_title: Master
    display_plugin: default
    position: 0
    display_options:
      title: 'Site Header Content Block'
      fields:
        field_header_text_colour:
          id: field_header_text_colour
          table: node__field_header_text_colour
          field: field_header_text_colour
          relationship: none
          group_type: group
          admin_label: ''
          plugin_id: field
          label: ''
          exclude: true
          alter:
            alter_text: false
            text: ''
            make_link: false
            path: ''
            absolute: false
            external: false
            replace_spaces: false
            path_case: none
            trim_whitespace: false
            alt: ''
            rel: ''
            link_class: ''
            prefix: ''
            suffix: ''
            target: ''
            nl2br: false
            max_length: 0
            word_boundary: true
            ellipsis: true
            more_link: false
            more_link_text: ''
            more_link_path: ''
            strip_tags: false
            trim: false
            preserve_tags: ''
            html: false
          element_type: ''
          element_class: ''
          element_label_type: ''
          element_label_class: ''
          element_label_colon: false
          element_wrapper_type: ''
          element_wrapper_class: ''
          element_default_classes: true
          empty: ''
          hide_empty: false
          empty_zero: false
          hide_alter_empty: true
          click_sort_column: value
          type: list_key
          settings: {  }
          group_column: value
          group_columns: {  }
          group_rows: true
          delta_limit: 0
          delta_offset: 0
          delta_reversed: false
          delta_first_last: false
          multi_type: separator
          separator: ', '
          field_api_classes: false
        field_header_image_1:
          id: field_header_image_1
          table: node__field_header_image
          field: field_header_image
          relationship: none
          group_type: group
          admin_label: 'Header Image - Used by conditional field'
          plugin_id: field
          label: ''
          exclude: true
          alter:
            alter_text: false
            text: ''
            make_link: false
            path: ''
            absolute: false
            external: false
            replace_spaces: false
            path_case: none
            trim_whitespace: false
            alt: ''
            rel: ''
            link_class: ''
            prefix: ''
            suffix: ''
            target: ''
            nl2br: false
            max_length: 0
            word_boundary: true
            ellipsis: true
            more_link: false
            more_link_text: ''
            more_link_path: ''
            strip_tags: false
            trim: false
            preserve_tags: ''
            html: false
          element_type: ''
          element_class: ''
          element_label_type: ''
          element_label_class: ''
          element_label_colon: false
          element_wrapper_type: ''
          element_wrapper_class: ''
          element_default_classes: true
          empty: ''
          hide_empty: false
          empty_zero: false
          hide_alter_empty: true
          click_sort_column: target_id
          type: image_url
          settings:
            image_style: ''
          group_column: ''
          group_columns: {  }
          group_rows: true
          delta_limit: 0
          delta_offset: 0
          delta_reversed: false
          delta_first_last: false
          multi_type: separator
          separator: ', '
          field_api_classes: false
        views_conditional_field_3:
          id: views_conditional_field_3
          table: views_conditional
          field: views_conditional_field
          relationship: none
          group_type: group
          admin_label: ''
          plugin_id: views_conditional_field
          label: ''
          exclude: true
          alter:
            alter_text: false
            text: ''
            make_link: false
            path: ''
            absolute: false
            external: false
            replace_spaces: false
            path_case: none
            trim_whitespace: false
            alt: ''
            rel: ''
            link_class: ''
            prefix: ''
            suffix: ''
            target: ''
            nl2br: false
            max_length: 0
            word_boundary: true
            ellipsis: true
            more_link: false
            more_link_text: ''
            more_link_path: ''
            strip_tags: false
            trim: false
            preserve_tags: ''
            html: false
          element_type: ''
          element_class: ''
          element_label_type: ''
          element_label_class: ''
          element_label_colon: false
          element_wrapper_type: ''
          element_wrapper_class: ''
          element_default_classes: true
          empty: ''
          hide_empty: false
          empty_zero: false
          hide_alter_empty: true
          if: field_header_image_1
          condition: em
          equalto: ''
          then: no-img-bg
          then_translate: 1
          or: img-bg
          or_translate: 1
          strip_tags: 0
        base_url:
          id: base_url
          table: views
          field: base_url
          relationship: none
          group_type: group
          admin_label: ''
          plugin_id: base_url
          label: ''
          exclude: true
          alter:
            alter_text: false
            text: ''
            make_link: false
            path: ''
            absolute: false
            external: false
            replace_spaces: false
            path_case: none
            trim_whitespace: false
            alt: ''
            rel: ''
            link_class: ''
            prefix: ''
            suffix: ''
            target: ''
            nl2br: false
            max_length: 0
            word_boundary: true
            ellipsis: true
            more_link: false
            more_link_text: ''
            more_link_path: ''
            strip_tags: true
            trim: false
            preserve_tags: ''
            html: false
          element_type: ''
          element_class: ''
          element_label_type: ''
          element_label_class: ''
          element_label_colon: false
          element_wrapper_type: ''
          element_wrapper_class: ''
          element_default_classes: true
          empty: ''
          hide_empty: false
          empty_zero: false
          hide_alter_empty: true
          show_link: false
          show_link_options:
            link_path: ''
            link_text: ''
            link_class: ''
            link_title: ''
            link_rel: ''
            link_fragment: ''
            link_query: ''
            link_target: ''
        field_header_image:
          id: field_header_image
          table: node__field_header_image
          field: field_header_image
          relationship: none
          group_type: group
          admin_label: ''
          plugin_id: field
          label: ''
          exclude: true
          alter:
            alter_text: false
            text: ''
            make_link: false
            path: ''
            absolute: false
            external: false
            replace_spaces: false
            path_case: none
            trim_whitespace: false
            alt: ''
            rel: ''
            link_class: ''
            prefix: ''
            suffix: ''
            target: ''
            nl2br: false
            max_length: 0
            word_boundary: true
            ellipsis: true
            more_link: false
            more_link_text: ''
            more_link_path: ''
            strip_tags: false
            trim: false
            preserve_tags: ''
            html: false
          element_type: ''
          element_class: ''
          element_label_type: ''
          element_label_class: ''
          element_label_colon: false
          element_wrapper_type: ''
          element_wrapper_class: ''
          element_default_classes: true
          empty: ''
          hide_empty: true
          empty_zero: true
          hide_alter_empty: true
          click_sort_column: target_id
          type: bg_image_formatter
          settings:
            image_style: header_image
            css_settings:
              bg_image_selector: 'body #header-img-area'
              bg_image_z_index: auto
              bg_image_color: '#FFFFFF'
              bg_image_x: center
              bg_image_y: center
              bg_image_attachment: scroll
              bg_image_repeat: no-repeat
              bg_image_background_size: cover
              bg_image_media_query: all
              bg_image_important: 0
              bg_image_background_size_ie8: 0
              bg_image_path_format: absolute
              bg_image_gradient: ''
          group_column: ''
          group_columns: {  }
          group_rows: true
          delta_limit: 0
          delta_offset: 0
          delta_reversed: false
          delta_first_last: false
          multi_type: separator
          separator: ', '
          field_api_classes: false
        field_display_site_name:
          id: field_display_site_name
          table: node__field_display_site_name
          field: field_display_site_name
          relationship: none
          group_type: group
          admin_label: ''
          plugin_id: field
          label: ''
          exclude: true
          alter:
            alter_text: false
            text: ''
            make_link: false
            path: ''
            absolute: false
            external: false
            replace_spaces: false
            path_case: none
            trim_whitespace: false
            alt: ''
            rel: ''
            link_class: ''
            prefix: ''
            suffix: ''
            target: ''
            nl2br: false
            max_length: 0
            word_boundary: true
            ellipsis: true
            more_link: false
            more_link_text: ''
            more_link_path: ''
            strip_tags: false
            trim: false
            preserve_tags: ''
            html: false
          element_type: ''
          element_class: ''
          element_label_type: ''
          element_label_class: ''
          element_label_colon: false
          element_wrapper_type: ''
          element_wrapper_class: ''
          element_default_classes: true
          empty: ''
          hide_empty: false
          empty_zero: false
          hide_alter_empty: true
          click_sort_column: value
          type: boolean
          settings:
            format: yes-no
            format_custom_false: ''
            format_custom_true: ''
          group_column: value
          group_columns: {  }
          group_rows: true
          delta_limit: 0
          delta_offset: 0
          delta_reversed: false
          delta_first_last: false
          multi_type: separator
          separator: ', '
          field_api_classes: false
        field_display_tagline:
          id: field_display_tagline
          table: node__field_display_tagline
          field: field_display_tagline
          relationship: none
          group_type: group
          admin_label: ''
          plugin_id: field
          label: ''
          exclude: true
          alter:
            alter_text: false
            text: ''
            make_link: false
            path: ''
            absolute: false
            external: false
            replace_spaces: false
            path_case: none
            trim_whitespace: false
            alt: ''
            rel: ''
            link_class: ''
            prefix: ''
            suffix: ''
            target: ''
            nl2br: false
            max_length: 0
            word_boundary: true
            ellipsis: true
            more_link: false
            more_link_text: ''
            more_link_path: ''
            strip_tags: false
            trim: false
            preserve_tags: ''
            html: false
          element_type: ''
          element_class: ''
          element_label_type: ''
          element_label_class: ''
          element_label_colon: false
          element_wrapper_type: ''
          element_wrapper_class: ''
          element_default_classes: true
          empty: ''
          hide_empty: false
          empty_zero: false
          hide_alter_empty: true
          click_sort_column: value
          type: boolean
          settings:
            format: yes-no
            format_custom_false: ''
            format_custom_true: ''
          group_column: value
          group_columns: {  }
          group_rows: true
          delta_limit: 0
          delta_offset: 0
          delta_reversed: false
          delta_first_last: false
          multi_type: separator
          separator: ', '
          field_api_classes: false
        field_sd38_site_logo_size:
          id: field_sd38_site_logo_size
          table: node__field_sd38_site_logo_size
          field: field_sd38_site_logo_size
          relationship: none
          group_type: group
          admin_label: ''
          plugin_id: field
          label: ''
          exclude: true
          alter:
            alter_text: false
            text: ''
            make_link: false
            path: ''
            absolute: false
            external: false
            replace_spaces: false
            path_case: none
            trim_whitespace: false
            alt: ''
            rel: ''
            link_class: ''
            prefix: ''
            suffix: ''
            target: ''
            nl2br: false
            max_length: 0
            word_boundary: true
            ellipsis: true
            more_link: false
            more_link_text: ''
            more_link_path: ''
            strip_tags: false
            trim: false
            preserve_tags: ''
            html: false
          element_type: ''
          element_class: ''
          element_label_type: ''
          element_label_class: ''
          element_label_colon: false
          element_wrapper_type: ''
          element_wrapper_class: ''
          element_default_classes: true
          empty: ''
          hide_empty: false
          empty_zero: false
          hide_alter_empty: true
          click_sort_column: value
          type: list_key
          settings: {  }
          group_column: value
          group_columns: {  }
          group_rows: true
          delta_limit: 0
          delta_offset: 0
          delta_reversed: false
          delta_first_last: false
          multi_type: separator
          separator: ', '
          field_api_classes: false
        field_sd38_site_name_1:
          id: field_sd38_site_name_1
          table: node__field_sd38_site_name
          field: field_sd38_site_name
          relationship: none
          group_type: group
          admin_label: 'SD38 Site Name - Unformatted'
          plugin_id: field
          label: ''
          exclude: true
          alter:
            alter_text: false
            text: ''
            make_link: false
            path: ''
            absolute: false
            external: false
            replace_spaces: false
            path_case: none
            trim_whitespace: false
            alt: ''
            rel: ''
            link_class: ''
            prefix: ''
            suffix: ''
            target: ''
            nl2br: false
            max_length: 0
            word_boundary: true
            ellipsis: true
            more_link: false
            more_link_text: ''
            more_link_path: ''
            strip_tags: true
            trim: false
            preserve_tags: ''
            html: false
          element_type: ''
          element_class: ''
          element_label_type: ''
          element_label_class: ''
          element_label_colon: false
          element_wrapper_type: ''
          element_wrapper_class: ''
          element_default_classes: true
          empty: ''
          hide_empty: false
          empty_zero: false
          hide_alter_empty: true
          click_sort_column: value
          type: field_token_value_text
          settings:
            wrapper: ''
            link: false
          group_column: value
          group_columns: {  }
          group_rows: true
          delta_limit: 0
          delta_offset: 0
          delta_reversed: false
          delta_first_last: false
          multi_type: separator
          separator: ', '
          field_api_classes: false
        nothing:
          id: nothing
          table: views
          field: nothing
          relationship: none
          group_type: group
          admin_label: 'OPENING DIV'
          plugin_id: custom
          label: ''
          exclude: false
          alter:
            alter_text: true
            text: '<div class="row d-flex align-items-center header-content {{ views_conditional_field_3 }} {{ field_sd38_site_logo_size }} {{ field_header_text_colour }}">'
            make_link: false
            path: ''
            absolute: false
            external: false
            replace_spaces: false
            path_case: none
            trim_whitespace: false
            alt: ''
            rel: ''
            link_class: ''
            prefix: ''
            suffix: ''
            target: ''
            nl2br: false
            max_length: 0
            word_boundary: true
            ellipsis: true
            more_link: false
            more_link_text: ''
            more_link_path: ''
            strip_tags: false
            trim: false
            preserve_tags: ''
            html: false
          element_type: ''
          element_class: ''
          element_label_type: ''
          element_label_class: ''
          element_label_colon: false
          element_wrapper_type: ''
          element_wrapper_class: ''
          element_default_classes: true
          empty: ''
          hide_empty: false
          empty_zero: false
          hide_alter_empty: false
        field_sd38_site_logo:
          id: field_sd38_site_logo
          table: node__field_sd38_site_logo
          field: field_sd38_site_logo
          relationship: none
          group_type: group
          admin_label: ''
          plugin_id: field
          label: ''
          exclude: true
          alter:
            alter_text: false
            text: ''
            make_link: false
            path: ''
            absolute: false
            external: false
            replace_spaces: false
            path_case: none
            trim_whitespace: false
            alt: ''
            rel: ''
            link_class: ''
            prefix: ''
            suffix: ''
            target: ''
            nl2br: false
            max_length: 0
            word_boundary: true
            ellipsis: true
            more_link: false
            more_link_text: ''
            more_link_path: ''
            strip_tags: false
            trim: false
            preserve_tags: ''
            html: false
          element_type: ''
          element_class: ''
          element_label_type: ''
          element_label_class: ''
          element_label_colon: false
          element_wrapper_type: div
          element_wrapper_class: col-6
          element_default_classes: true
          empty: ''
          hide_empty: true
          empty_zero: true
          hide_alter_empty: true
          click_sort_column: target_id
          type: image
          settings:
            image_link: ''
            image_style: large
            image_loading:
              attribute: lazy
          group_column: ''
          group_columns: {  }
          group_rows: true
          delta_limit: 0
          delta_offset: 0
          delta_reversed: false
          delta_first_last: false
          multi_type: separator
          separator: ', '
          field_api_classes: false
        field_sd38_site_name:
          id: field_sd38_site_name
          table: node__field_sd38_site_name
          field: field_sd38_site_name
          relationship: none
          group_type: group
          admin_label: ''
          plugin_id: field
          label: ''
          exclude: true
          alter:
            alter_text: false
            text: ''
            make_link: false
            path: ''
            absolute: false
            external: false
            replace_spaces: false
            path_case: none
            trim_whitespace: false
            alt: ''
            rel: ''
            link_class: ''
            prefix: ''
            suffix: ''
            target: ''
            nl2br: false
            max_length: 0
            word_boundary: true
            ellipsis: true
            more_link: false
            more_link_text: ''
            more_link_path: ''
            strip_tags: false
            trim: false
            preserve_tags: ''
            html: false
          element_type: ''
          element_class: ''
          element_label_type: ''
          element_label_class: ''
          element_label_colon: false
          element_wrapper_type: ''
          element_wrapper_class: ''
          element_default_classes: false
          empty: ''
          hide_empty: false
          empty_zero: false
          hide_alter_empty: true
          click_sort_column: value
          type: field_token_value_text
          settings:
            wrapper: h1
            link: false
          group_column: value
          group_columns: {  }
          group_rows: true
          delta_limit: 0
          delta_offset: 0
          delta_reversed: false
          delta_first_last: false
          multi_type: separator
          separator: ', '
          field_api_classes: false
        field_sd38_site_tagline:
          id: field_sd38_site_tagline
          table: node__field_sd38_site_tagline
          field: field_sd38_site_tagline
          relationship: none
          group_type: group
          admin_label: ''
          plugin_id: field
          label: ''
          exclude: true
          alter:
            alter_text: false
            text: ''
            make_link: false
            path: ''
            absolute: false
            external: false
            replace_spaces: false
            path_case: none
            trim_whitespace: false
            alt: ''
            rel: ''
            link_class: ''
            prefix: ''
            suffix: ''
            target: ''
            nl2br: false
            max_length: 0
            word_boundary: true
            ellipsis: true
            more_link: false
            more_link_text: ''
            more_link_path: ''
            strip_tags: false
            trim: false
            preserve_tags: ''
            html: false
          element_type: ''
          element_class: ''
          element_label_type: ''
          element_label_class: ''
          element_label_colon: false
          element_wrapper_type: ''
          element_wrapper_class: ''
          element_default_classes: true
          empty: ''
          hide_empty: false
          empty_zero: false
          hide_alter_empty: true
          click_sort_column: value
          type: field_token_value_text
          settings:
            wrapper: em
            link: false
          group_column: value
          group_columns: {  }
          group_rows: true
          delta_limit: 0
          delta_offset: 0
          delta_reversed: false
          delta_first_last: false
          multi_type: separator
          separator: ', '
          field_api_classes: false
        views_conditional_field:
          id: views_conditional_field
          table: views_conditional
          field: views_conditional_field
          relationship: none
          group_type: group
          admin_label: 'Views Conditional - Logo'
          plugin_id: views_conditional_field
          label: ''
          exclude: false
          alter:
            alter_text: false
            text: ''
            make_link: false
            path: ''
            absolute: false
            external: false
            replace_spaces: false
            path_case: none
            trim_whitespace: false
            alt: ''
            rel: ''
            link_class: ''
            prefix: ''
            suffix: ''
            target: ''
            nl2br: false
            max_length: 0
            word_boundary: true
            ellipsis: true
            more_link: false
            more_link_text: ''
            more_link_path: ''
            strip_tags: false
            trim: false
            preserve_tags: ''
            html: false
          element_type: ''
          element_class: ''
          element_label_type: ''
          element_label_class: ''
          element_label_colon: false
          element_wrapper_type: ''
          element_wrapper_class: ''
          element_default_classes: true
          empty: ''
          hide_empty: false
          empty_zero: false
          hide_alter_empty: true
          if: field_sd38_site_logo
          condition: em
          equalto: ''
          then: ''
          then_translate: 1
          or: '<div class="logo col"><a href="{{ base_url }}" title="{{ field_sd38_site_name_1 }}">{{ field_sd38_site_logo }}</a></div>'
          or_translate: 1
          strip_tags: 0
        nothing_2:
          id: nothing_2
          table: views
          field: nothing
          relationship: none
          group_type: group
          admin_label: 'OPENING DIV- Site Name/Tagline'
          plugin_id: custom
          label: ''
          exclude: false
          alter:
            alter_text: true
            text: '<div class="col">'
            make_link: false
            path: ''
            absolute: false
            external: false
            replace_spaces: false
            path_case: none
            trim_whitespace: false
            alt: ''
            rel: ''
            link_class: ''
            prefix: ''
            suffix: ''
            target: ''
            nl2br: false
            max_length: 0
            word_boundary: true
            ellipsis: true
            more_link: false
            more_link_text: ''
            more_link_path: ''
            strip_tags: false
            trim: false
            preserve_tags: ''
            html: false
          element_type: ''
          element_class: ''
          element_label_type: ''
          element_label_class: ''
          element_label_colon: false
          element_wrapper_type: ''
          element_wrapper_class: ''
          element_default_classes: true
          empty: ''
          hide_empty: false
          empty_zero: false
          hide_alter_empty: false
        views_conditional_field_1:
          id: views_conditional_field_1
          table: views_conditional
          field: views_conditional_field
          relationship: none
          group_type: group
          admin_label: 'Views Conditional - Site Name'
          plugin_id: views_conditional_field
          label: ''
          exclude: false
          alter:
            alter_text: false
            text: ''
            make_link: false
            path: ''
            absolute: false
            external: false
            replace_spaces: false
            path_case: none
            trim_whitespace: false
            alt: ''
            rel: ''
            link_class: ''
            prefix: ''
            suffix: ''
            target: ''
            nl2br: false
            max_length: 0
            word_boundary: true
            ellipsis: true
            more_link: false
            more_link_text: ''
            more_link_path: ''
            strip_tags: false
            trim: false
            preserve_tags: ''
            html: false
          element_type: ''
          element_class: ''
          element_label_type: ''
          element_label_class: ''
          element_label_colon: false
          element_wrapper_type: ''
          element_wrapper_class: ''
          element_default_classes: true
          empty: ''
          hide_empty: false
          empty_zero: false
          hide_alter_empty: true
          if: field_display_site_name
          condition: neq
          equalto: 'Yes'
          then: ''
          then_translate: 1
          or: '<a href="{{ base_url }}" title="{{ field_sd38_site_name_1 }}">{{ field_sd38_site_name }}</a>'
          or_translate: 1
          strip_tags: 0
        views_conditional_field_2:
          id: views_conditional_field_2
          table: views_conditional
          field: views_conditional_field
          relationship: none
          group_type: group
          admin_label: 'Views Conditional - Site Tagline'
          plugin_id: views_conditional_field
          label: ''
          exclude: false
          alter:
            alter_text: false
            text: ''
            make_link: false
            path: ''
            absolute: false
            external: false
            replace_spaces: false
            path_case: none
            trim_whitespace: false
            alt: ''
            rel: ''
            link_class: ''
            prefix: ''
            suffix: ''
            target: ''
            nl2br: false
            max_length: 0
            word_boundary: true
            ellipsis: true
            more_link: false
            more_link_text: ''
            more_link_path: ''
            strip_tags: false
            trim: false
            preserve_tags: ''
            html: false
          element_type: ''
          element_class: ''
          element_label_type: ''
          element_label_class: ''
          element_label_colon: false
          element_wrapper_type: ''
          element_wrapper_class: ''
          element_default_classes: true
          empty: ''
          hide_empty: false
          empty_zero: false
          hide_alter_empty: true
          if: field_display_tagline
          condition: neq
          equalto: 'Yes'
          then: ''
          then_translate: 1
          or: '{{ field_sd38_site_tagline }}'
          or_translate: 1
          strip_tags: 0
        nothing_3:
          id: nothing_3
          table: views
          field: nothing
          relationship: none
          group_type: group
          admin_label: 'CLOSING DIV- Site Name/Tagline'
          plugin_id: custom
          label: ''
          exclude: false
          alter:
            alter_text: true
            text: '</div>'
            make_link: false
            path: ''
            absolute: false
            external: false
            replace_spaces: false
            path_case: none
            trim_whitespace: false
            alt: ''
            rel: ''
            link_class: ''
            prefix: ''
            suffix: ''
            target: ''
            nl2br: false
            max_length: 0
            word_boundary: true
            ellipsis: true
            more_link: false
            more_link_text: ''
            more_link_path: ''
            strip_tags: false
            trim: false
            preserve_tags: ''
            html: false
          element_type: ''
          element_class: ''
          element_label_type: ''
          element_label_class: ''
          element_label_colon: false
          element_wrapper_type: ''
          element_wrapper_class: ''
          element_default_classes: true
          empty: ''
          hide_empty: false
          empty_zero: false
          hide_alter_empty: false
        nothing_1:
          id: nothing_1
          table: views
          field: nothing
          relationship: none
          group_type: group
          admin_label: 'CLOSING DIV'
          plugin_id: custom
          label: ''
          exclude: false
          alter:
            alter_text: true
            text: '</div>'
            make_link: false
            path: ''
            absolute: false
            external: false
            replace_spaces: false
            path_case: none
            trim_whitespace: false
            alt: ''
            rel: ''
            link_class: ''
            prefix: ''
            suffix: ''
            target: ''
            nl2br: false
            max_length: 0
            word_boundary: true
            ellipsis: true
            more_link: false
            more_link_text: ''
            more_link_path: ''
            strip_tags: false
            trim: false
            preserve_tags: ''
            html: false
          element_type: ''
          element_class: ''
          element_label_type: ''
          element_label_class: ''
          element_label_colon: false
          element_wrapper_type: ''
          element_wrapper_class: ''
          element_default_classes: true
          empty: ''
          hide_empty: false
          empty_zero: false
          hide_alter_empty: false
      pager:
        type: some
        options:
          offset: 0
          items_per_page: 1
      exposed_form:
        type: basic
        options:
          submit_button: Apply
          reset_button: false
          reset_button_label: Reset
          exposed_sorts_label: 'Sort by'
          expose_sort_order: true
          sort_asc_label: Asc
          sort_desc_label: Desc
      access:
        type: perm
        options:
          perm: 'access content'
      cache:
        type: tag
        options: {  }
      empty: {  }
      sorts:
        created:
          id: created
          table: node_field_data
          field: created
          relationship: none
          group_type: group
          admin_label: ''
          entity_type: node
          entity_field: created
          plugin_id: date
          order: DESC
          expose:
            label: ''
            field_identifier: created
          exposed: false
          granularity: second
      arguments: {  }
      filters:
        status:
          id: status
          table: node_field_data
          field: status
          entity_type: node
          entity_field: status
          plugin_id: boolean
          value: '1'
          group: 1
          expose:
            operator: ''
            operator_limit_selection: false
            operator_list: {  }
        type:
          id: type
          table: node_field_data
          field: type
          entity_type: node
          entity_field: type
          plugin_id: bundle
          value:
            header_image: header_image
          expose:
            operator_limit_selection: false
            operator_list: {  }
      style:
        type: default
        options:
          row_class: ''
          default_row_class: false
          uses_fields: false
      row:
        type: fields
        options:
          default_field_elements: false
          inline: {  }
          separator: ''
          hide_empty: false
      query:
        type: views_query
        options:
          query_comment: ''
          disable_sql_rewrite: false
          distinct: false
          replica: false
          query_tags: {  }
      relationships: {  }
      css_class: site-header-block
      header: {  }
      footer: {  }
      display_extenders: {  }
    cache_metadata:
      max-age: -1
      contexts:
        - 'languages:language_content'
        - 'languages:language_interface'
        - 'user.node_grants:view'
        - user.permissions
      tags:
        - 'config:field.storage.node.field_display_site_name'
        - 'config:field.storage.node.field_display_tagline'
        - 'config:field.storage.node.field_header_image'
        - 'config:field.storage.node.field_header_text_colour'
        - 'config:field.storage.node.field_sd38_site_logo'
        - 'config:field.storage.node.field_sd38_site_logo_size'
        - 'config:field.storage.node.field_sd38_site_name'
        - 'config:field.storage.node.field_sd38_site_tagline'
  block_1:
    id: block_1
    display_title: Block
    display_plugin: block
    position: 1
    display_options:
      display_extenders: {  }
    cache_metadata:
      max-age: -1
      contexts:
        - 'languages:language_content'
        - 'languages:language_interface'
        - 'user.node_grants:view'
        - user.permissions
      tags:
        - 'config:field.storage.node.field_display_site_name'
        - 'config:field.storage.node.field_display_tagline'
        - 'config:field.storage.node.field_header_image'
        - 'config:field.storage.node.field_header_text_colour'
        - 'config:field.storage.node.field_sd38_site_logo'
        - 'config:field.storage.node.field_sd38_site_logo_size'
        - 'config:field.storage.node.field_sd38_site_name'
        - 'config:field.storage.node.field_sd38_site_tagline'
